
Microsoft Visual Studio Solution File, Format Version 12.00
# Visual Studio Version 16
VisualStudioVersion = 16.0.31515.178
MinimumVisualStudioVersion = 10.0.40219.1
Project("{FAE04EC0-301F-11D3-BF4B-00C04F79EFBC}") = "ConsoleAppVisualStudio19", "ConsoleAppVisualStudio19\ConsoleAppVisualStudio19.csproj", "{9872674C-508F-40F9-8619-37B3D2AAB536}"
EndProject
Global
	GlobalSection(SolutionConfigurationPlatforms) = preSolution
		Debug|Any CPU = Debug|Any CPU
		Release|Any CPU = Release|Any CPU
	EndGlobalSection
	GlobalSection(ProjectConfigurationPlatforms) = postSolution
		{9872674C-508F-40F9-8619-37B3D2AAB536}.Debug|Any CPU.ActiveCfg = Debug|Any CPU
		{9872674C-508F-40F9-8619-37B3D2AAB536}.Debug|Any CPU.Build.0 = Debug|Any CPU
		{9872674C-508F-40F9-8619-37B3D2AAB536}.Release|Any CPU.ActiveCfg = Release|Any CPU
		{9872674C-508F-40F9-8619-37B3D2AAB536}.Release|Any CPU.Build.0 = Release|Any CPU
	EndGlobalSection
	GlobalSection(SolutionProperties) = preSolution
		HideSolutionNode = FALSE
	EndGlobalSection
	GlobalSection(ExtensibilityGlobals) = postSolution
		SolutionGuid = {3C1475B9-957A-4B27-8458-D9B07CD47C9C}
	EndGlobalSection
EndGlobal
